// !$*UTF8*$!
{
	archiveVersion = 1;
	classes = {
	};
	objectVersion = 46;
	objects = {

/* Begin PBXBuildFile section */
		2116A0975731BDFEB78ED7FF /* LaunchScreen.storyboard in Resources */ = {isa = PBXBuildFile; fileRef = 2116A426CDCA7C3FFCCD0EA9 /* LaunchScreen.storyboard */; };
		2116A1C30014A86AC5B8117F /* Info.plist in Resources */ = {isa = PBXBuildFile; fileRef = 2116ABAC8BFDF7B71828E1F1 /* Info.plist */; };
		2116A637DB001B9B073E57A9 /* Main.storyboard in Resources */ = {isa = PBXBuildFile; fileRef = 2116A8FD4F6583F228050183 /* Main.storyboard */; };
		2116A67534D8F731D34CAC44 /* MVVMPhotoTests.m in Sources */ = {isa = PBXBuildFile; fileRef = 2116A51A97003703F652A349 /* MVVMPhotoTests.m */; };
		2116A6D1885A45AF75FF1B86 /* Assets.xcassets in Resources */ = {isa = PBXBuildFile; fileRef = 2116ABB83FC33417158431AF /* Assets.xcassets */; };
		2116AABD8820EA63504580A0 /* main.m in Sources */ = {isa = PBXBuildFile; fileRef = 2116A753B49DB170C54BC885 /* main.m */; };
		2116ACF0C3FCE9EC4E85F47C /* AppDelegate.m in Sources */ = {isa = PBXBuildFile; fileRef = 2116AA9CB3737D35A7CB65A1 /* AppDelegate.m */; };
		2116AD54CF2A5C0879A7345F /* ViewController.m in Sources */ = {isa = PBXBuildFile; fileRef = 2116AF04569F60516E79A810 /* ViewController.m */; };
		2116AE537218782D20C8A25B /* Info.plist in Resources */ = {isa = PBXBuildFile; fileRef = 2116A0DB5BE81EAD5D1E142B /* Info.plist */; };
/* End PBXBuildFile section */

/* Begin PBXContainerItemProxy section */
		2116A117E9376516088D151E /* PBXContainerItemProxy */ = {
			isa = PBXContainerItemProxy;
			containerPortal = 2116AE24AA7864EE6FB57407 /* Project object */;
			proxyType = 1;
			remoteGlobalIDString = 2116AB48333AA331554B506E;
			remoteInfo = MVVMPhoto;
		};
/* End PBXContainerItemProxy section */

/* Begin PBXFileReference section */
		2116A075E44AB4D971D10A90 /* Base */ = {isa = PBXFileReference; lastKnownFileType = file.storyboard; name = Base; path = Base.lproj/Main.storyboard; sourceTree = "<group>"; };
		2116A0DB5BE81EAD5D1E142B /* Info.plist */ = {isa = PBXFileReference; lastKnownFileType = text.plist.info; path = Info.plist; sourceTree = "<group>"; };
		2116A51A97003703F652A349 /* MVVMPhotoTests.m */ = {isa = PBXFileReference; lastKnownFileType = sourcecode.c.objc; path = MVVMPhotoTests.m; sourceTree = "<group>"; };
		2116A5ED3292655F54C041E9 /* Base */ = {isa = PBXFileReference; lastKnownFileType = file.storyboard; name = Base; path = Base.lproj/LaunchScreen.storyboard; sourceTree = "<group>"; };
		2116A618ACB36A0AB3DD4111 /* AppDelegate.h */ = {isa = PBXFileReference; lastKnownFileType = sourcecode.c.h; path = AppDelegate.h; sourceTree = "<group>"; };
		2116A753B49DB170C54BC885 /* main.m */ = {isa = PBXFileReference; lastKnownFileType = sourcecode.c.objc; path = main.m; sourceTree = "<group>"; };
		2116A87B66091FD80159112F /* MVVMPhoto.app */ = {isa = PBXFileReference; explicitFileType = wrapper.application; includeInIndex = 0; path = MVVMPhoto.app; sourceTree = BUILT_PRODUCTS_DIR; };
		2116A9E73513E85C27C0C73D /* MVVMPhotoTests.xctest */ = {isa = PBXFileReference; explicitFileType = wrapper.cfbundle; includeInIndex = 0; path = MVVMPhotoTests.xctest; sourceTree = BUILT_PRODUCTS_DIR; };
		2116AA9CB3737D35A7CB65A1 /* AppDelegate.m */ = {isa = PBXFileReference; lastKnownFileType = sourcecode.c.objc; path = AppDelegate.m; sourceTree = "<group>"; };
		2116ABAC8BFDF7B71828E1F1 /* Info.plist */ = {isa = PBXFileReference; lastKnownFileType = text.plist.info; path = Info.plist; sourceTree = "<group>"; };
		2116ABB83FC33417158431AF /* Assets.xcassets */ = {isa = PBXFileReference; lastKnownFileType = folder.assetcatalog; path = Assets.xcassets; sourceTree = "<group>"; };
		2116AF04569F60516E79A810 /* ViewController.m */ = {isa = PBXFileReference; lastKnownFileType = sourcecode.c.objc; path = ViewController.m; sourceTree = "<group>"; };
		2116AF1A644E6AF1B233B54F /* ViewController.h */ = {isa = PBXFileReference; lastKnownFileType = sourcecode.c.h; path = ViewController.h; sourceTree = "<group>"; };
/* End PBXFileReference section */

/* Begin PBXFrameworksBuildPhase section */
		2116A00364920816C2EC9A8B /* Frameworks */ = {
			isa = PBXFrameworksBuildPhase;
			buildActionMask = 2147483647;
			files = (
			);
			runOnlyForDeploymentPostprocessing = 0;
		};
		2116A4E2B6678DF8C3AD4A53 /* Frameworks */ = {
			isa = PBXFrameworksBuildPhase;
			buildActionMask = 2147483647;
			files = (
			);
			runOnlyForDeploymentPostprocessing = 0;
		};
/* End PBXFrameworksBuildPhase section */

/* Begin PBXGroup section */
		2116A50FAE953014B5B49D0E /* MVVMPhotoTests */ = {
			isa = PBXGroup;
			children = (
				2116A0DB5BE81EAD5D1E142B /* Info.plist */,
				2116A51A97003703F652A349 /* MVVMPhotoTests.m */,
			);
			path = MVVMPhotoTests;
			sourceTree = "<group>";
		};
		2116A847869F6176D2BD6089 /* MVVMPhoto */ = {
			isa = PBXGroup;
			children = (
				2116ABAC8BFDF7B71828E1F1 /* Info.plist */,
				2116ABB83FC33417158431AF /* Assets.xcassets */,
				2116A426CDCA7C3FFCCD0EA9 /* LaunchScreen.storyboard */,
				2116ACF10521C88FF86C7A8D /* Supporting Files */,
				2116A618ACB36A0AB3DD4111 /* AppDelegate.h */,
				2116AA9CB3737D35A7CB65A1 /* AppDelegate.m */,
				2116A8FD4F6583F228050183 /* Main.storyboard */,
				2116AF1A644E6AF1B233B54F /* ViewController.h */,
				2116AF04569F60516E79A810 /* ViewController.m */,
			);
			path = MVVMPhoto;
			sourceTree = "<group>";
		};
		2116AAC73CC74A9FCBCB0056 /* Products */ = {
			isa = PBXGroup;
			children = (
				2116A87B66091FD80159112F /* MVVMPhoto.app */,
				2116A9E73513E85C27C0C73D /* MVVMPhotoTests.xctest */,
			);
			name = Products;
			sourceTree = "<group>";
		};
		2116ACF10521C88FF86C7A8D /* Supporting Files */ = {
			isa = PBXGroup;
			children = (
				2116A753B49DB170C54BC885 /* main.m */,
			);
			name = "Supporting Files";
			sourceTree = "<group>";
		};
		2116ADA61C7A585317923890 = {
			isa = PBXGroup;
			children = (
				2116AAC73CC74A9FCBCB0056 /* Products */,
				2116A847869F6176D2BD6089 /* MVVMPhoto */,
				2116A50FAE953014B5B49D0E /* MVVMPhotoTests */,
			);
			sourceTree = "<group>";
		};
/* End PBXGroup section */

/* Begin PBXNativeTarget section */
		2116A897F2445A2FCFE4EA4A /* MVVMPhotoTests */ = {
			isa = PBXNativeTarget;
			buildConfigurationList = 2116A22CA39C38703DC67E11 /* Build configuration list for PBXNativeTarget "MVVMPhotoTests" */;
			buildPhases = (
				2116AB3BACFC80E92A6D462B /* Sources */,
				2116A4E2B6678DF8C3AD4A53 /* Frameworks */,
				2116A51130566DDDB093F401 /* Resources */,
			);
			buildRules = (
			);
			dependencies = (
				2116ACB8040781D470ED29B7 /* PBXTargetDependency */,
			);
			name = MVVMPhotoTests;
			productName = MVVMPhotoTests;
			productReference = 2116A9E73513E85C27C0C73D /* MVVMPhotoTests.xctest */;
			productType = "com.apple.product-type.bundle.unit-test";
		};
		2116AB48333AA331554B506E /* MVVMPhoto */ = {
			isa = PBXNativeTarget;
			buildConfigurationList = 2116A4D738EB5B2C89A1C3DC /* Build configuration list for PBXNativeTarget "MVVMPhoto" */;
			buildPhases = (
				2116A19D90A228AA78B583BF /* Sources */,
				2116A00364920816C2EC9A8B /* Frameworks */,
				2116A7475E50C10231005593 /* Resources */,
			);
			buildRules = (
			);
			dependencies = (
			);
			name = MVVMPhoto;
			productName = MVVMPhoto;
			productReference = 2116A87B66091FD80159112F /* MVVMPhoto.app */;
			productType = "com.apple.product-type.application";
		};
/* End PBXNativeTarget section */

/* Begin PBXProject section */
		2116AE24AA7864EE6FB57407 /* Project object */ = {
			isa = PBXProject;
			attributes = {
				ORGANIZATIONNAME = Eric;
			};
			buildConfigurationList = 2116AA675483BC6AB558CAE6 /* Build configuration list for PBXProject "MVVMPhoto" */;
			compatibilityVersion = "Xcode 3.2";
			developmentRegion = English;
			hasScannedForEncodings = 0;
			knownRegions = (
				en,
			);
			mainGroup = 2116ADA61C7A585317923890;
			productRefGroup = 2116AAC73CC74A9FCBCB0056 /* Products */;
			projectDirPath = "";
			projectRoot = "";
			targets = (
				2116AB48333AA331554B506E /* MVVMPhoto */,
				2116A897F2445A2FCFE4EA4A /* MVVMPhotoTests */,
			);
		};
/* End PBXProject section */

/* Begin PBXResourcesBuildPhase section */
		2116A51130566DDDB093F401 /* Resources */ = {
			isa = PBXResourcesBuildPhase;
			buildActionMask = 2147483647;
			files = (
				2116AE537218782D20C8A25B /* Info.plist in Resources */,
			);
			runOnlyForDeploymentPostprocessing = 0;
		};
		2116A7475E50C10231005593 /* Resources */ = {
			isa = PBXResourcesBuildPhase;
			buildActionMask = 2147483647;
			files = (
				2116A1C30014A86AC5B8117F /* Info.plist in Resources */,
				2116A6D1885A45AF75FF1B86 /* Assets.xcassets in Resources */,
				2116A0975731BDFEB78ED7FF /* LaunchScreen.storyboard in Resources */,
				2116A637DB001B9B073E57A9 /* Main.storyboard in Resources */,
			);
			runOnlyForDeploymentPostprocessing = 0;
		};
/* End PBXResourcesBuildPhase section */

/* Begin PBXSourcesBuildPhase section */
		2116A19D90A228AA78B583BF /* Sources */ = {
			isa = PBXSourcesBuildPhase;
			buildActionMask = 2147483647;
			files = (
				2116AABD8820EA63504580A0 /* main.m in Sources */,
				2116ACF0C3FCE9EC4E85F47C /* AppDelegate.m in Sources */,
				2116AD54CF2A5C0879A7345F /* ViewController.m in Sources */,
			);
			runOnlyForDeploymentPostprocessing = 0;
		};
		2116AB3BACFC80E92A6D462B /* Sources */ = {
			isa = PBXSourcesBuildPhase;
			buildActionMask = 2147483647;
			files = (
				2116A67534D8F731D34CAC44 /* MVVMPhotoTests.m in Sources */,
			);
			runOnlyForDeploymentPostprocessing = 0;
		};
/* End PBXSourcesBuildPhase section */

/* Begin PBXTargetDependency section */
		2116ACB8040781D470ED29B7 /* PBXTargetDependency */ = {
			isa = PBXTargetDependency;
			target = 2116AB48333AA331554B506E /* MVVMPhoto */;
			targetProxy = 2116A117E9376516088D151E /* PBXContainerItemProxy */;
		};
/* End PBXTargetDependency section */

/* Begin PBXVariantGroup section */
		2116A426CDCA7C3FFCCD0EA9 /* LaunchScreen.storyboard */ = {
			isa = PBXVariantGroup;
			children = (
				2116A5ED3292655F54C041E9 /* Base */,
			);
			name = LaunchScreen.storyboard;
			sourceTree = "<group>";
		};
		2116A8FD4F6583F228050183 /* Main.storyboard */ = {
			isa = PBXVariantGroup;
			children = (
				2116A075E44AB4D971D10A90 /* Base */,
			);
			name = Main.storyboard;
			sourceTree = "<group>";
		};
/* End PBXVariantGroup section */

/* Begin XCBuildConfiguration section */
		2116A081BD96C9DE7644201C /* Debug */ = {
			isa = XCBuildConfiguration;
			buildSettings = {
				BUNDLE_LOADER = "$(BUILT_PRODUCTS_DIR)/MVVMPhoto.app/MVVMPhoto";
				INFOPLIST_FILE = MVVMPhotoTests/Info.plist;
				LD_RUNPATH_SEARCH_PATHS = "$(inherited) @executable_path/Frameworks @loader_path/Frameworks";
				PRODUCT_BUNDLE_IDENTIFIER = us.eric.MVVMPhotoTests;
				PRODUCT_NAME = "$(TARGET_NAME)";
				TEST_HOST = "$(BUNDLE_LOADER)";
			};
			name = Debug;
		};
		2116A7F4BF444B5DEEF6CBBC /* Release */ = {
			isa = XCBuildConfiguration;
			buildSettings = {
				ASSETCATALOG_COMPILER_APPICON_NAME = AppIcon;
				INFOPLIST_FILE = MVVMPhoto/Info.plist;
				LD_RUNPATH_SEARCH_PATHS = "$(inherited) @executable_path/Frameworks";
				PRODUCT_BUNDLE_IDENTIFIER = us.eric.MVVMPhoto;
				PRODUCT_NAME = "$(TARGET_NAME)";
			};
			name = Release;
		};
		2116A8D30B8996E6653CE4B0 /* Release */ = {
			isa = XCBuildConfiguration;
			buildSettings = {
				ALWAYS_SEARCH_USER_PATHS = NO;
				CLANG_CXX_LANGUAGE_STANDARD = "gnu++0x";
				CLANG_CXX_LIBRARY = "libc++";
				CLANG_ENABLE_MODULES = YES;
				CLANG_ENABLE_OBJC_ARC = YES;
				CLANG_WARN_BOOL_CONVERSION = YES;
				CLANG_WARN_CONSTANT_CONVERSION = YES;
				CLANG_WARN_DIRECT_OBJC_ISA_USAGE = YES_ERROR;
				CLANG_WARN_EMPTY_BODY = YES;
				CLANG_WARN_ENUM_CONVERSION = YES;
				CLANG_WARN_INT_CONVERSION = YES;
				CLANG_WARN_OBJC_ROOT_CLASS = YES_ERROR;
				CLANG_WARN_UNREACHABLE_CODE = YES;
				CLANG_WARN__DUPLICATE_METHOD_MATCH = YES;
				"CODE_SIGN_IDENTITY[sdk=iphoneos*]" = "iPhone Developer";
				COPY_PHASE_STRIP = NO;
				DEBUG_INFORMATION_FORMAT = "dwarf-with-dsym";
				ENABLE_NS_ASSERTIONS = NO;
				ENABLE_STRICT_OBJC_MSGSEND = YES;
				GCC_C_LANGUAGE_STANDARD = gnu99;
				GCC_NO_COMMON_BLOCKS = YES;
				GCC_WARN_64_TO_32_BIT_CONVERSION = YES;
				GCC_WARN_ABOUT_RETURN_TYPE = YES_ERROR;
				GCC_WARN_UNDECLARED_SELECTOR = YES;
				GCC_WARN_UNINITIALIZED_AUTOS = YES_AGGRESSIVE;
				GCC_WARN_UNUSED_FUNCTION = YES;
				GCC_WARN_UNUSED_VARIABLE = YES;
				IPHONEOS_DEPLOYMENT_TARGET = 9.0;
				MTL_ENABLE_DEBUG_INFO = NO;
				SDKROOT = iphoneos;
				TARGETED_DEVICE_FAMILY = "1,2";
				VALIDATE_PRODUCT = YES;
			};
			name = Release;
		};
		2116A9752A9F821BC2AE09E9 /* Release */ = {
			isa = XCBuildConfiguration;
			buildSettings = {
				BUNDLE_LOADER = "$(BUILT_PRODUCTS_DIR)/MVVMPhoto.app/MVVMPhoto";
				INFOPLIST_FILE = MVVMPhotoTests/Info.plist;
				LD_RUNPATH_SEARCH_PATHS = "$(inherited) @executable_path/Frameworks @loader_path/Frameworks";
				PRODUCT_BUNDLE_IDENTIFIER = us.eric.MVVMPhotoTests;
				PRODUCT_NAME = "$(TARGET_NAME)";
				TEST_HOST = "$(BUNDLE_LOADER)";
			};
			name = Release;
		};
		2116AC0C659511A5BD3B047F /* Debug */ = {
			isa = XCBuildConfiguration;
			buildSettings = {
				ALWAYS_SEARCH_USER_PATHS = NO;
				CLANG_CXX_LANGUAGE_STANDARD = "gnu++0x";
				CLANG_CXX_LIBRARY = "libc++";
				CLANG_ENABLE_MODULES = YES;
				CLANG_ENABLE_OBJC_ARC = YES;
				CLANG_WARN_BOOL_CONVERSION = YES;
				CLANG_WARN_CONSTANT_CONVERSION = YES;
				CLANG_WARN_DIRECT_OBJC_ISA_USAGE = YES_ERROR;
				CLANG_WARN_EMPTY_BODY = YES;
				CLANG_WARN_ENUM_CONVERSION = YES;
				CLANG_WARN_INT_CONVERSION = YES;
				CLANG_WARN_OBJC_ROOT_CLASS = YES_ERROR;
				CLANG_WARN_UNREACHABLE_CODE = YES;
				CLANG_WARN__DUPLICATE_METHOD_MATCH = YES;
				"CODE_SIGN_IDENTITY[sdk=iphoneos*]" = "iPhone Developer";
				COPY_PHASE_STRIP = NO;
				DEBUG_INFORMATION_FORMAT = dwarf;
				ENABLE_STRICT_OBJC_MSGSEND = YES;
				ENABLE_TESTABILITY = YES;
				GCC_C_LANGUAGE_STANDARD = gnu99;
				GCC_DYNAMIC_NO_PIC = NO;
				GCC_NO_COMMON_BLOCKS = YES;
				GCC_OPTIMIZATION_LEVEL = 0;
				GCC_PREPROCESSOR_DEFINITIONS = (
					"DEBUG=1",
					"$(inherited)",
				);
				GCC_WARN_64_TO_32_BIT_CONVERSION = YES;
				GCC_WARN_ABOUT_RETURN_TYPE = YES_ERROR;
				GCC_WARN_UNDECLARED_SELECTOR = YES;
				GCC_WARN_UNINITIALIZED_AUTOS = YES_AGGRESSIVE;
				GCC_WARN_UNUSED_FUNCTION = YES;
				GCC_WARN_UNUSED_VARIABLE = YES;
				IPHONEOS_DEPLOYMENT_TARGET = 9.0;
				MTL_ENABLE_DEBUG_INFO = YES;
				ONLY_ACTIVE_ARCH = YES;
				SDKROOT = iphoneos;
				TARGETED_DEVICE_FAMILY = "1,2";
			};
			name = Debug;
		};
		2116AE83028DC6878997EC28 /* Debug */ = {
			isa = XCBuildConfiguration;
			buildSettings = {
				ASSETCATALOG_COMPILER_APPICON_NAME = AppIcon;
				INFOPLIST_FILE = MVVMPhoto/Info.plist;
				LD_RUNPATH_SEARCH_PATHS = "$(inherited) @executable_path/Frameworks";
				PRODUCT_BUNDLE_IDENTIFIER = us.eric.MVVMPhoto;
				PRODUCT_NAME = "$(TARGET_NAME)";
			};
			name = Debug;
		};
/* End XCBuildConfiguration section */

/* Begin XCConfigurationList section */
		2116A22CA39C38703DC67E11 /* Build configuration list for PBXNativeTarget "MVVMPhotoTests" */ = {
			isa = XCConfigurationList;
			buildConfigurations = (
				2116A081BD96C9DE7644201C /* Debug */,
				2116A9752A9F821BC2AE09E9 /* Release */,
			);
			defaultConfigurationIsVisible = 0;
		};
		2116A4D738EB5B2C89A1C3DC /* Build configuration list for PBXNativeTarget "MVVMPhoto" */ = {
			isa = XCConfigurationList;
			buildConfigurations = (
				2116AE83028DC6878997EC28 /* Debug */,
				2116A7F4BF444B5DEEF6CBBC /* Release */,
			);
			defaultConfigurationIsVisible = 0;
		};
		2116AA675483BC6AB558CAE6 /* Build configuration list for PBXProject "MVVMPhoto" */ = {
			isa = XCConfigurationList;
			buildConfigurations = (
				2116AC0C659511A5BD3B047F /* Debug */,
				2116A8D30B8996E6653CE4B0 /* Release */,
			);
			defaultConfigurationIsVisible = 0;
			defaultConfigurationName = Release;
		};
/* End XCConfigurationList section */
	};
	rootObject = 2116AE24AA7864EE6FB57407 /* Project object */;
}
